
Microsoft Visual Studio Solution File, Format Version 12.00
# Visual Studio 15
VisualStudioVersion = 15.0.28307.539
MinimumVisualStudioVersion = 10.0.40219.1
Project("{FAE04EC0-301F-11D3-BF4B-00C04F79EFBC}") = "Features", "Features\Features.csproj", "{3CF810D8-6755-4263-87AC-1AD132ED0A84}"
EndProject
Project("{FAE04EC0-301F-11D3-BF4B-00C04F79EFBC}") = "Queries", "Queries\Queries.csproj", "{6F1EFB7C-8174-462C-AFC3-11189924FA59}"
EndProject
Project("{FAE04EC0-301F-11D3-BF4B-00C04F79EFBC}") = "Cars", "Cars\Cars.csproj", "{5870C045-14B3-4B80-A2D9-9954B5893572}"
EndProject
Global
	GlobalSection(SolutionConfigurationPlatforms) = preSolution
		Debug|Any CPU = Debug|Any CPU
		Release|Any CPU = Release|Any CPU
	EndGlobalSection
	GlobalSection(ProjectConfigurationPlatforms) = postSolution
		{3CF810D8-6755-4263-87AC-1AD132ED0A84}.Debug|Any CPU.ActiveCfg = Debug|Any CPU
		{3CF810D8-6755-4263-87AC-1AD132ED0A84}.Debug|Any CPU.Build.0 = Debug|Any CPU
		{3CF810D8-6755-4263-87AC-1AD132ED0A84}.Release|Any CPU.ActiveCfg = Release|Any CPU
		{3CF810D8-6755-4263-87AC-1AD132ED0A84}.Release|Any CPU.Build.0 = Release|Any CPU
		{6F1EFB7C-8174-462C-AFC3-11189924FA59}.Debug|Any CPU.ActiveCfg = Debug|Any CPU
		{6F1EFB7C-8174-462C-AFC3-11189924FA59}.Debug|Any CPU.Build.0 = Debug|Any CPU
		{6F1EFB7C-8174-462C-AFC3-11189924FA59}.Release|Any CPU.ActiveCfg = Release|Any CPU
		{6F1EFB7C-8174-462C-AFC3-11189924FA59}.Release|Any CPU.Build.0 = Release|Any CPU
		{5870C045-14B3-4B80-A2D9-9954B5893572}.Debug|Any CPU.ActiveCfg = Debug|Any CPU
		{5870C045-14B3-4B80-A2D9-9954B5893572}.Debug|Any CPU.Build.0 = Debug|Any CPU
		{5870C045-14B3-4B80-A2D9-9954B5893572}.Release|Any CPU.ActiveCfg = Release|Any CPU
		{5870C045-14B3-4B80-A2D9-9954B5893572}.Release|Any CPU.Build.0 = Release|Any CPU
	EndGlobalSection
	GlobalSection(SolutionProperties) = preSolution
		HideSolutionNode = FALSE
	EndGlobalSection
	GlobalSection(ExtensibilityGlobals) = postSolution
		SolutionGuid = {38C541B1-45DD-458B-B18E-743167ECFBAA}
	EndGlobalSection
EndGlobal
